
Microsoft Visual Studio Solution File, Format Version 12.00
# Visual Studio Version 16
VisualStudioVersion = 16.0.30611.23
MinimumVisualStudioVersion = 10.0.40219.1
Project("{FAE04EC0-301F-11D3-BF4B-00C04F79EFBC}") = "BusTask", "BusTask\BusTask.csproj", "{57D2F496-CA4F-47C8-BD26-7A4265711759}"
EndProject
Global
	GlobalSection(SolutionConfigurationPlatforms) = preSolution
		Debug|Any CPU = Debug|Any CPU
		Release|Any CPU = Release|Any CPU
	EndGlobalSection
	GlobalSection(ProjectConfigurationPlatforms) = postSolution
		{57D2F496-CA4F-47C8-BD26-7A4265711759}.Debug|Any CPU.ActiveCfg = Debug|Any CPU
		{57D2F496-CA4F-47C8-BD26-7A4265711759}.Debug|Any CPU.Build.0 = Debug|Any CPU
		{57D2F496-CA4F-47C8-BD26-7A4265711759}.Release|Any CPU.ActiveCfg = Release|Any CPU
		{57D2F496-CA4F-47C8-BD26-7A4265711759}.Release|Any CPU.Build.0 = Release|Any CPU
	EndGlobalSection
	GlobalSection(SolutionProperties) = preSolution
		HideSolutionNode = FALSE
	EndGlobalSection
	GlobalSection(ExtensibilityGlobals) = postSolution
		SolutionGuid = {42EE7AA8-2FC4-4D83-819D-BC95ABFD811A}
	EndGlobalSection
EndGlobal
